// !$*UTF8*$!
{
	archiveVersion = 1;
	classes = {
	};
	objectVersion = 45;
	objects = {

/* Begin PBXBuildFile section */
		62312F3713268D6100F87D55 /* Foundation.framework in Frameworks */ = {isa = PBXBuildFile; fileRef = 1D30AB110D05D00D00671497 /* Foundation.framework */; };
		62312F3813268D6100F87D55 /* UIKit.framework in Frameworks */ = {isa = PBXBuildFile; fileRef = 1DF5F4DF0D08C38300B7A737 /* UIKit.framework */; };
		62312F3913268D6100F87D55 /* CoreGraphics.framework in Frameworks */ = {isa = PBXBuildFile; fileRef = 288765A40DF7441C002DB57D /* CoreGraphics.framework */; };
		62312F3A13268D6100F87D55 /* CoreText.framework in Frameworks */ = {isa = PBXBuildFile; fileRef = CB2F77A91305F853003D2AC0 /* CoreText.framework */; };
		62312F3B13268D6100F87D55 /* QuartzCore.framework in Frameworks */ = {isa = PBXBuildFile; fileRef = CB2F77AB1305F858003D2AC0 /* QuartzCore.framework */; };
		62312F4813268D6C00F87D55 /* RZStyledTextView.m in Sources */ = {isa = PBXBuildFile; fileRef = 620D895513180CF300E2AD5D /* RZStyledTextView.m */; };
		62312F4913268D6C00F87D55 /* RZWrappingTextView.m in Sources */ = {isa = PBXBuildFile; fileRef = 62312B4E1325805500F87D55 /* RZWrappingTextView.m */; };
		62312F4A13268D6C00F87D55 /* NSAttributedString+RZStyledText.m in Sources */ = {isa = PBXBuildFile; fileRef = 62312B511325805C00F87D55 /* NSAttributedString+RZStyledText.m */; };
		629EDB341328183800CE88C9 /* RZStyledTextContainerProtocol.h in Headers */ = {isa = PBXBuildFile; fileRef = 629EDB331328183800CE88C9 /* RZStyledTextContainerProtocol.h */; };
		629EDBD7132823A700CE88C9 /* RZStyledTextContainer.h in Headers */ = {isa = PBXBuildFile; fileRef = 629EDBD5132823A700CE88C9 /* RZStyledTextContainer.h */; };
		629EDBD8132823A700CE88C9 /* RZStyledTextContainer.m in Sources */ = {isa = PBXBuildFile; fileRef = 629EDBD6132823A700CE88C9 /* RZStyledTextContainer.m */; };
/* End PBXBuildFile section */

/* Begin PBXFileReference section */
		1D30AB110D05D00D00671497 /* Foundation.framework */ = {isa = PBXFileReference; lastKnownFileType = wrapper.framework; name = Foundation.framework; path = System/Library/Frameworks/Foundation.framework; sourceTree = SDKROOT; };
		1DF5F4DF0D08C38300B7A737 /* UIKit.framework */ = {isa = PBXFileReference; lastKnownFileType = wrapper.framework; name = UIKit.framework; path = System/Library/Frameworks/UIKit.framework; sourceTree = SDKROOT; };
		288765A40DF7441C002DB57D /* CoreGraphics.framework */ = {isa = PBXFileReference; lastKnownFileType = wrapper.framework; name = CoreGraphics.framework; path = System/Library/Frameworks/CoreGraphics.framework; sourceTree = SDKROOT; };
		620D895413180CF300E2AD5D /* RZStyledTextView.h */ = {isa = PBXFileReference; fileEncoding = 4; lastKnownFileType = sourcecode.c.h; path = RZStyledTextView.h; sourceTree = "<group>"; };
		620D895513180CF300E2AD5D /* RZStyledTextView.m */ = {isa = PBXFileReference; fileEncoding = 4; lastKnownFileType = sourcecode.c.objc; path = RZStyledTextView.m; sourceTree = "<group>"; };
		62312B4D1325805500F87D55 /* RZWrappingTextView.h */ = {isa = PBXFileReference; fileEncoding = 4; lastKnownFileType = sourcecode.c.h; path = RZWrappingTextView.h; sourceTree = "<group>"; };
		62312B4E1325805500F87D55 /* RZWrappingTextView.m */ = {isa = PBXFileReference; fileEncoding = 4; lastKnownFileType = sourcecode.c.objc; path = RZWrappingTextView.m; sourceTree = "<group>"; };
		62312B501325805C00F87D55 /* NSAttributedString+RZStyledText.h */ = {isa = PBXFileReference; fileEncoding = 4; lastKnownFileType = sourcecode.c.h; path = "NSAttributedString+RZStyledText.h"; sourceTree = "<group>"; };
		62312B511325805C00F87D55 /* NSAttributedString+RZStyledText.m */ = {isa = PBXFileReference; fileEncoding = 4; lastKnownFileType = sourcecode.c.objc; path = "NSAttributedString+RZStyledText.m"; sourceTree = "<group>"; };
		62312F2113268D5100F87D55 /* libRZStyledText.a */ = {isa = PBXFileReference; explicitFileType = archive.ar; includeInIndex = 0; path = libRZStyledText.a; sourceTree = BUILT_PRODUCTS_DIR; };
		62312F5913268EE500F87D55 /* RZStyledText_prefix.pch */ = {isa = PBXFileReference; fileEncoding = 4; lastKnownFileType = sourcecode.c.h; path = RZStyledText_prefix.pch; sourceTree = "<group>"; };
		623130251326B66000F87D55 /* RZStyledText.h */ = {isa = PBXFileReference; fileEncoding = 4; lastKnownFileType = sourcecode.c.h; path = RZStyledText.h; sourceTree = "<group>"; };
		623130B31326C46E00F87D55 /* Macros.h */ = {isa = PBXFileReference; fileEncoding = 4; lastKnownFileType = sourcecode.c.h; name = Macros.h; path = Classes/Macros.h; sourceTree = "<group>"; };
		629EDB331328183800CE88C9 /* RZStyledTextContainerProtocol.h */ = {isa = PBXFileReference; fileEncoding = 4; lastKnownFileType = sourcecode.c.h; path = RZStyledTextContainerProtocol.h; sourceTree = "<group>"; };
		629EDBD5132823A700CE88C9 /* RZStyledTextContainer.h */ = {isa = PBXFileReference; fileEncoding = 4; lastKnownFileType = sourcecode.c.h; path = RZStyledTextContainer.h; sourceTree = "<group>"; };
		629EDBD6132823A700CE88C9 /* RZStyledTextContainer.m */ = {isa = PBXFileReference; fileEncoding = 4; lastKnownFileType = sourcecode.c.objc; path = RZStyledTextContainer.m; sourceTree = "<group>"; };
		CB2F77A91305F853003D2AC0 /* CoreText.framework */ = {isa = PBXFileReference; lastKnownFileType = wrapper.framework; name = CoreText.framework; path = System/Library/Frameworks/CoreText.framework; sourceTree = SDKROOT; };
		CB2F77AB1305F858003D2AC0 /* QuartzCore.framework */ = {isa = PBXFileReference; lastKnownFileType = wrapper.framework; name = QuartzCore.framework; path = System/Library/Frameworks/QuartzCore.framework; sourceTree = SDKROOT; };
/* End PBXFileReference section */

/* Begin PBXFrameworksBuildPhase section */
		62312F1F13268D5100F87D55 /* Frameworks */ = {
			isa = PBXFrameworksBuildPhase;
			buildActionMask = 2147483647;
			files = (
				62312F3713268D6100F87D55 /* Foundation.framework in Frameworks */,
				62312F3813268D6100F87D55 /* UIKit.framework in Frameworks */,
				62312F3913268D6100F87D55 /* CoreGraphics.framework in Frameworks */,
				62312F3A13268D6100F87D55 /* CoreText.framework in Frameworks */,
				62312F3B13268D6100F87D55 /* QuartzCore.framework in Frameworks */,
			);
			runOnlyForDeploymentPostprocessing = 0;
		};
/* End PBXFrameworksBuildPhase section */

/* Begin PBXGroup section */
		080E96DDFE201D6D7F000001 /* Classes */ = {
			isa = PBXGroup;
			children = (
				623130251326B66000F87D55 /* RZStyledText.h */,
				629EDB331328183800CE88C9 /* RZStyledTextContainerProtocol.h */,
				629EDBD5132823A700CE88C9 /* RZStyledTextContainer.h */,
				629EDBD6132823A700CE88C9 /* RZStyledTextContainer.m */,
				620D895413180CF300E2AD5D /* RZStyledTextView.h */,
				620D895513180CF300E2AD5D /* RZStyledTextView.m */,
				62312B4D1325805500F87D55 /* RZWrappingTextView.h */,
				62312B4E1325805500F87D55 /* RZWrappingTextView.m */,
				62312B501325805C00F87D55 /* NSAttributedString+RZStyledText.h */,
				62312B511325805C00F87D55 /* NSAttributedString+RZStyledText.m */,
			);
			path = Classes;
			sourceTree = "<group>";
		};
		19C28FACFE9D520D11CA2CBB /* Products */ = {
			isa = PBXGroup;
			children = (
				62312F2113268D5100F87D55 /* libRZStyledText.a */,
			);
			name = Products;
			sourceTree = "<group>";
		};
		29B97314FDCFA39411CA2CEA /* CustomTemplate */ = {
			isa = PBXGroup;
			children = (
				080E96DDFE201D6D7F000001 /* Classes */,
				29B97315FDCFA39411CA2CEA /* Other Sources */,
				29B97317FDCFA39411CA2CEA /* Resources */,
				29B97323FDCFA39411CA2CEA /* Frameworks */,
				19C28FACFE9D520D11CA2CBB /* Products */,
			);
			name = CustomTemplate;
			sourceTree = "<group>";
		};
		29B97315FDCFA39411CA2CEA /* Other Sources */ = {
			isa = PBXGroup;
			children = (
				623130B31326C46E00F87D55 /* Macros.h */,
				62312F5913268EE500F87D55 /* RZStyledText_prefix.pch */,
			);
			name = "Other Sources";
			sourceTree = "<group>";
		};
		29B97317FDCFA39411CA2CEA /* Resources */ = {
			isa = PBXGroup;
			children = (
			);
			name = Resources;
			sourceTree = "<group>";
		};
		29B97323FDCFA39411CA2CEA /* Frameworks */ = {
			isa = PBXGroup;
			children = (
				CB2F77A91305F853003D2AC0 /* CoreText.framework */,
				CB2F77AB1305F858003D2AC0 /* QuartzCore.framework */,
				1DF5F4DF0D08C38300B7A737 /* UIKit.framework */,
				1D30AB110D05D00D00671497 /* Foundation.framework */,
				288765A40DF7441C002DB57D /* CoreGraphics.framework */,
			);
			name = Frameworks;
			sourceTree = "<group>";
		};
/* End PBXGroup section */

/* Begin PBXHeadersBuildPhase section */
		62312F1D13268D5100F87D55 /* Headers */ = {
			isa = PBXHeadersBuildPhase;
			buildActionMask = 2147483647;
			files = (
				629EDB341328183800CE88C9 /* RZStyledTextContainerProtocol.h in Headers */,
				629EDBD7132823A700CE88C9 /* RZStyledTextContainer.h in Headers */,
			);
			runOnlyForDeploymentPostprocessing = 0;
		};
/* End PBXHeadersBuildPhase section */

/* Begin PBXNativeTarget section */
		62312F2013268D5100F87D55 /* RZStyledText */ = {
			isa = PBXNativeTarget;
			buildConfigurationList = 62312F4B13268D9A00F87D55 /* Build configuration list for PBXNativeTarget "RZStyledText" */;
			buildPhases = (
				62312F1D13268D5100F87D55 /* Headers */,
				62312F1E13268D5100F87D55 /* Sources */,
				62312F1F13268D5100F87D55 /* Frameworks */,
			);
			buildRules = (
			);
			dependencies = (
			);
			name = RZStyledText;
			productName = RZStyledText_device;
			productReference = 62312F2113268D5100F87D55 /* libRZStyledText.a */;
			productType = "com.apple.product-type.library.static";
		};
/* End PBXNativeTarget section */

/* Begin PBXProject section */
		29B97313FDCFA39411CA2CEA /* Project object */ = {
			isa = PBXProject;
			buildConfigurationList = C01FCF4E08A954540054247B /* Build configuration list for PBXProject "RZStyledText" */;
			compatibilityVersion = "Xcode 3.1";
			developmentRegion = English;
			hasScannedForEncodings = 1;
			knownRegions = (
				English,
				Japanese,
				French,
				German,
			);
			mainGroup = 29B97314FDCFA39411CA2CEA /* CustomTemplate */;
			projectDirPath = "";
			projectRoot = "";
			targets = (
				62312F2013268D5100F87D55 /* RZStyledText */,
			);
		};
/* End PBXProject section */

/* Begin PBXSourcesBuildPhase section */
		62312F1E13268D5100F87D55 /* Sources */ = {
			isa = PBXSourcesBuildPhase;
			buildActionMask = 2147483647;
			files = (
				62312F4813268D6C00F87D55 /* RZStyledTextView.m in Sources */,
				62312F4913268D6C00F87D55 /* RZWrappingTextView.m in Sources */,
				62312F4A13268D6C00F87D55 /* NSAttributedString+RZStyledText.m in Sources */,
				629EDBD8132823A700CE88C9 /* RZStyledTextContainer.m in Sources */,
			);
			runOnlyForDeploymentPostprocessing = 0;
		};
/* End PBXSourcesBuildPhase section */

/* Begin XCBuildConfiguration section */
		62312F2213268D5100F87D55 /* Debug */ = {
			isa = XCBuildConfiguration;
			buildSettings = {
				ALWAYS_SEARCH_USER_PATHS = NO;
				COPY_PHASE_STRIP = NO;
				GCC_DYNAMIC_NO_PIC = NO;
				GCC_OPTIMIZATION_LEVEL = 0;
				GCC_PRECOMPILE_PREFIX_HEADER = NO;
				PREBINDING = NO;
				PRODUCT_NAME = RZStyledText;
			};
			name = Debug;
		};
		62312F2313268D5100F87D55 /* Release */ = {
			isa = XCBuildConfiguration;
			buildSettings = {
				ALWAYS_SEARCH_USER_PATHS = NO;
				COPY_PHASE_STRIP = YES;
				DEBUG_INFORMATION_FORMAT = "dwarf-with-dsym";
				GCC_ENABLE_FIX_AND_CONTINUE = NO;
				PREBINDING = NO;
				PRODUCT_NAME = RZStyledText;
				ZERO_LINK = NO;
			};
			name = Release;
		};
		C01FCF4F08A954540054247B /* Debug */ = {
			isa = XCBuildConfiguration;
			buildSettings = {
				ARCHS = "$(ARCHS_STANDARD_32_BIT)";
				"CODE_SIGN_IDENTITY[sdk=iphoneos*]" = "iPhone Developer";
				GCC_C_LANGUAGE_STANDARD = c99;
				GCC_PREFIX_HEADER = RZStyledText_prefix.pch;
				GCC_WARN_ABOUT_RETURN_TYPE = YES;
				GCC_WARN_UNUSED_VARIABLE = YES;
				OTHER_CFLAGS = "";
				PREBINDING = NO;
				SDKROOT = iphoneos;
				TARGETED_DEVICE_FAMILY = "1,2";
			};
			name = Debug;
		};
		C01FCF5008A954540054247B /* Release */ = {
			isa = XCBuildConfiguration;
			buildSettings = {
				ARCHS = "$(ARCHS_STANDARD_32_BIT)";
				"CODE_SIGN_IDENTITY[sdk=iphoneos*]" = "iPhone Developer";
				GCC_C_LANGUAGE_STANDARD = c99;
				GCC_PREFIX_HEADER = RZStyledText_prefix.pch;
				GCC_WARN_ABOUT_RETURN_TYPE = YES;
				GCC_WARN_UNUSED_VARIABLE = YES;
				OTHER_CFLAGS = "-DNS_BLOCK_ASSERTIONS=1";
				PREBINDING = NO;
				SDKROOT = iphoneos;
				TARGETED_DEVICE_FAMILY = "1,2";
			};
			name = Release;
		};
/* End XCBuildConfiguration section */

/* Begin XCConfigurationList section */
		62312F4B13268D9A00F87D55 /* Build configuration list for PBXNativeTarget "RZStyledText" */ = {
			isa = XCConfigurationList;
			buildConfigurations = (
				62312F2213268D5100F87D55 /* Debug */,
				62312F2313268D5100F87D55 /* Release */,
			);
			defaultConfigurationIsVisible = 0;
			defaultConfigurationName = Release;
		};
		C01FCF4E08A954540054247B /* Build configuration list for PBXProject "RZStyledText" */ = {
			isa = XCConfigurationList;
			buildConfigurations = (
				C01FCF4F08A954540054247B /* Debug */,
				C01FCF5008A954540054247B /* Release */,
			);
			defaultConfigurationIsVisible = 0;
			defaultConfigurationName = Release;
		};
/* End XCConfigurationList section */
	};
	rootObject = 29B97313FDCFA39411CA2CEA /* Project object */;
}
