// !$*UTF8*$!
{
	archiveVersion = 1;
	classes = {
	};
	objectVersion = 46;
	objects = {

/* Begin PBXBuildFile section */
		CB4FDF8914239D8400E76D23 /* PDFGalleryScrollView.h in Headers */ = {isa = PBXBuildFile; fileRef = CB4FDF8114239D8400E76D23 /* PDFGalleryScrollView.h */; };
		CB4FDF8A14239D8400E76D23 /* PDFGalleryScrollView.m in Sources */ = {isa = PBXBuildFile; fileRef = CB4FDF8214239D8400E76D23 /* PDFGalleryScrollView.m */; };
		CB4FDF8B14239D8400E76D23 /* PDFPageView.h in Headers */ = {isa = PBXBuildFile; fileRef = CB4FDF8314239D8400E76D23 /* PDFPageView.h */; };
		CB4FDF8C14239D8400E76D23 /* PDFPageView.m in Sources */ = {isa = PBXBuildFile; fileRef = CB4FDF8414239D8400E76D23 /* PDFPageView.m */; };
		CB4FDF8D14239D8400E76D23 /* PDFTiledLayer.h in Headers */ = {isa = PBXBuildFile; fileRef = CB4FDF8514239D8400E76D23 /* PDFTiledLayer.h */; };
		CB4FDF8E14239D8400E76D23 /* PDFTiledLayer.m in Sources */ = {isa = PBXBuildFile; fileRef = CB4FDF8614239D8400E76D23 /* PDFTiledLayer.m */; };
		CB4FDF8F14239D8400E76D23 /* PDFViewController.h in Headers */ = {isa = PBXBuildFile; fileRef = CB4FDF8714239D8400E76D23 /* PDFViewController.h */; };
		CB4FDF9014239D8400E76D23 /* PDFViewController.m in Sources */ = {isa = PBXBuildFile; fileRef = CB4FDF8814239D8400E76D23 /* PDFViewController.m */; };
		CB4FDF9814239E9100E76D23 /* TappableScrollView.h in Headers */ = {isa = PBXBuildFile; fileRef = CB4FDF9614239E9100E76D23 /* TappableScrollView.h */; };
		CB4FDF9914239E9100E76D23 /* TappableScrollView.m in Sources */ = {isa = PBXBuildFile; fileRef = CB4FDF9714239E9100E76D23 /* TappableScrollView.m */; };
		CB4FDFA014239EEA00E76D23 /* ThumbnailPageControl.h in Headers */ = {isa = PBXBuildFile; fileRef = CB4FDF9E14239EEA00E76D23 /* ThumbnailPageControl.h */; };
		CB4FDFA114239EEA00E76D23 /* ThumbnailPageControl.m in Sources */ = {isa = PBXBuildFile; fileRef = CB4FDF9F14239EEA00E76D23 /* ThumbnailPageControl.m */; };
		CBDF0DA714239D360008F7AE /* Foundation.framework in Frameworks */ = {isa = PBXBuildFile; fileRef = CBDF0DA614239D360008F7AE /* Foundation.framework */; };
/* End PBXBuildFile section */

/* Begin PBXFileReference section */
		CB4FDF8114239D8400E76D23 /* PDFGalleryScrollView.h */ = {isa = PBXFileReference; fileEncoding = 4; lastKnownFileType = sourcecode.c.h; path = PDFGalleryScrollView.h; sourceTree = SOURCE_ROOT; };
		CB4FDF8214239D8400E76D23 /* PDFGalleryScrollView.m */ = {isa = PBXFileReference; fileEncoding = 4; lastKnownFileType = sourcecode.c.objc; path = PDFGalleryScrollView.m; sourceTree = SOURCE_ROOT; };
		CB4FDF8314239D8400E76D23 /* PDFPageView.h */ = {isa = PBXFileReference; fileEncoding = 4; lastKnownFileType = sourcecode.c.h; path = PDFPageView.h; sourceTree = SOURCE_ROOT; };
		CB4FDF8414239D8400E76D23 /* PDFPageView.m */ = {isa = PBXFileReference; fileEncoding = 4; lastKnownFileType = sourcecode.c.objc; path = PDFPageView.m; sourceTree = SOURCE_ROOT; };
		CB4FDF8514239D8400E76D23 /* PDFTiledLayer.h */ = {isa = PBXFileReference; fileEncoding = 4; lastKnownFileType = sourcecode.c.h; path = PDFTiledLayer.h; sourceTree = SOURCE_ROOT; };
		CB4FDF8614239D8400E76D23 /* PDFTiledLayer.m */ = {isa = PBXFileReference; fileEncoding = 4; lastKnownFileType = sourcecode.c.objc; path = PDFTiledLayer.m; sourceTree = SOURCE_ROOT; };
		CB4FDF8714239D8400E76D23 /* PDFViewController.h */ = {isa = PBXFileReference; fileEncoding = 4; lastKnownFileType = sourcecode.c.h; path = PDFViewController.h; sourceTree = SOURCE_ROOT; };
		CB4FDF8814239D8400E76D23 /* PDFViewController.m */ = {isa = PBXFileReference; fileEncoding = 4; lastKnownFileType = sourcecode.c.objc; path = PDFViewController.m; sourceTree = SOURCE_ROOT; };
		CB4FDF9614239E9100E76D23 /* TappableScrollView.h */ = {isa = PBXFileReference; fileEncoding = 4; lastKnownFileType = sourcecode.c.h; path = TappableScrollView.h; sourceTree = SOURCE_ROOT; };
		CB4FDF9714239E9100E76D23 /* TappableScrollView.m */ = {isa = PBXFileReference; fileEncoding = 4; lastKnownFileType = sourcecode.c.objc; path = TappableScrollView.m; sourceTree = SOURCE_ROOT; };
		CB4FDF9E14239EEA00E76D23 /* ThumbnailPageControl.h */ = {isa = PBXFileReference; fileEncoding = 4; lastKnownFileType = sourcecode.c.h; path = ThumbnailPageControl.h; sourceTree = SOURCE_ROOT; };
		CB4FDF9F14239EEA00E76D23 /* ThumbnailPageControl.m */ = {isa = PBXFileReference; fileEncoding = 4; lastKnownFileType = sourcecode.c.objc; path = ThumbnailPageControl.m; sourceTree = SOURCE_ROOT; };
		CBDF0DA314239D360008F7AE /* libRZPDF.a */ = {isa = PBXFileReference; explicitFileType = archive.ar; includeInIndex = 0; path = libRZPDF.a; sourceTree = BUILT_PRODUCTS_DIR; };
		CBDF0DA614239D360008F7AE /* Foundation.framework */ = {isa = PBXFileReference; lastKnownFileType = wrapper.framework; name = Foundation.framework; path = System/Library/Frameworks/Foundation.framework; sourceTree = SDKROOT; };
		CBDF0DAA14239D360008F7AE /* RZPDF-Prefix.pch */ = {isa = PBXFileReference; lastKnownFileType = sourcecode.c.h; path = "RZPDF-Prefix.pch"; sourceTree = "<group>"; };
/* End PBXFileReference section */

/* Begin PBXFrameworksBuildPhase section */
		CBDF0DA014239D360008F7AE /* Frameworks */ = {
			isa = PBXFrameworksBuildPhase;
			buildActionMask = 2147483647;
			files = (
				CBDF0DA714239D360008F7AE /* Foundation.framework in Frameworks */,
			);
			runOnlyForDeploymentPostprocessing = 0;
		};
/* End PBXFrameworksBuildPhase section */

/* Begin PBXGroup section */
		CBDF0D9814239D360008F7AE = {
			isa = PBXGroup;
			children = (
				CBDF0DA814239D360008F7AE /* RZPDF */,
				CBDF0DA514239D360008F7AE /* Frameworks */,
				CBDF0DA414239D360008F7AE /* Products */,
			);
			sourceTree = "<group>";
		};
		CBDF0DA414239D360008F7AE /* Products */ = {
			isa = PBXGroup;
			children = (
				CBDF0DA314239D360008F7AE /* libRZPDF.a */,
			);
			name = Products;
			sourceTree = "<group>";
		};
		CBDF0DA514239D360008F7AE /* Frameworks */ = {
			isa = PBXGroup;
			children = (
				CBDF0DA614239D360008F7AE /* Foundation.framework */,
			);
			name = Frameworks;
			sourceTree = "<group>";
		};
		CBDF0DA814239D360008F7AE /* RZPDF */ = {
			isa = PBXGroup;
			children = (
				CB4FDF9E14239EEA00E76D23 /* ThumbnailPageControl.h */,
				CB4FDF9F14239EEA00E76D23 /* ThumbnailPageControl.m */,
				CB4FDF9614239E9100E76D23 /* TappableScrollView.h */,
				CB4FDF9714239E9100E76D23 /* TappableScrollView.m */,
				CB4FDF8114239D8400E76D23 /* PDFGalleryScrollView.h */,
				CB4FDF8214239D8400E76D23 /* PDFGalleryScrollView.m */,
				CB4FDF8314239D8400E76D23 /* PDFPageView.h */,
				CB4FDF8414239D8400E76D23 /* PDFPageView.m */,
				CB4FDF8514239D8400E76D23 /* PDFTiledLayer.h */,
				CB4FDF8614239D8400E76D23 /* PDFTiledLayer.m */,
				CB4FDF8714239D8400E76D23 /* PDFViewController.h */,
				CB4FDF8814239D8400E76D23 /* PDFViewController.m */,
				CBDF0DA914239D360008F7AE /* Supporting Files */,
			);
			path = RZPDF;
			sourceTree = "<group>";
		};
		CBDF0DA914239D360008F7AE /* Supporting Files */ = {
			isa = PBXGroup;
			children = (
				CBDF0DAA14239D360008F7AE /* RZPDF-Prefix.pch */,
			);
			name = "Supporting Files";
			sourceTree = "<group>";
		};
/* End PBXGroup section */

/* Begin PBXHeadersBuildPhase section */
		CBDF0DA114239D360008F7AE /* Headers */ = {
			isa = PBXHeadersBuildPhase;
			buildActionMask = 2147483647;
			files = (
				CB4FDF8914239D8400E76D23 /* PDFGalleryScrollView.h in Headers */,
				CB4FDF8B14239D8400E76D23 /* PDFPageView.h in Headers */,
				CB4FDF8D14239D8400E76D23 /* PDFTiledLayer.h in Headers */,
				CB4FDF8F14239D8400E76D23 /* PDFViewController.h in Headers */,
				CB4FDF9814239E9100E76D23 /* TappableScrollView.h in Headers */,
				CB4FDFA014239EEA00E76D23 /* ThumbnailPageControl.h in Headers */,
			);
			runOnlyForDeploymentPostprocessing = 0;
		};
/* End PBXHeadersBuildPhase section */

/* Begin PBXNativeTarget section */
		CBDF0DA214239D360008F7AE /* RZPDF */ = {
			isa = PBXNativeTarget;
			buildConfigurationList = CBDF0DAD14239D360008F7AE /* Build configuration list for PBXNativeTarget "RZPDF" */;
			buildPhases = (
				CBDF0D9F14239D360008F7AE /* Sources */,
				CBDF0DA014239D360008F7AE /* Frameworks */,
				CBDF0DA114239D360008F7AE /* Headers */,
			);
			buildRules = (
			);
			dependencies = (
			);
			name = RZPDF;
			productName = RZPDF;
			productReference = CBDF0DA314239D360008F7AE /* libRZPDF.a */;
			productType = "com.apple.product-type.library.static";
		};
/* End PBXNativeTarget section */

/* Begin PBXProject section */
		CBDF0D9A14239D360008F7AE /* Project object */ = {
			isa = PBXProject;
			attributes = {
				ORGANIZATIONNAME = "Raizlabs Corporation";
			};
			buildConfigurationList = CBDF0D9D14239D360008F7AE /* Build configuration list for PBXProject "RZPDF" */;
			compatibilityVersion = "Xcode 3.2";
			developmentRegion = English;
			hasScannedForEncodings = 0;
			knownRegions = (
				en,
			);
			mainGroup = CBDF0D9814239D360008F7AE;
			productRefGroup = CBDF0DA414239D360008F7AE /* Products */;
			projectDirPath = "";
			projectRoot = "";
			targets = (
				CBDF0DA214239D360008F7AE /* RZPDF */,
			);
		};
/* End PBXProject section */

/* Begin PBXSourcesBuildPhase section */
		CBDF0D9F14239D360008F7AE /* Sources */ = {
			isa = PBXSourcesBuildPhase;
			buildActionMask = 2147483647;
			files = (
				CB4FDF8A14239D8400E76D23 /* PDFGalleryScrollView.m in Sources */,
				CB4FDF8C14239D8400E76D23 /* PDFPageView.m in Sources */,
				CB4FDF8E14239D8400E76D23 /* PDFTiledLayer.m in Sources */,
				CB4FDF9014239D8400E76D23 /* PDFViewController.m in Sources */,
				CB4FDF9914239E9100E76D23 /* TappableScrollView.m in Sources */,
				CB4FDFA114239EEA00E76D23 /* ThumbnailPageControl.m in Sources */,
			);
			runOnlyForDeploymentPostprocessing = 0;
		};
/* End PBXSourcesBuildPhase section */

/* Begin XCBuildConfiguration section */
		CBDF0DAB14239D360008F7AE /* Debug */ = {
			isa = XCBuildConfiguration;
			buildSettings = {
				ARCHS = "$(ARCHS_STANDARD_32_BIT)";
				GCC_C_LANGUAGE_STANDARD = gnu99;
				GCC_OPTIMIZATION_LEVEL = 0;
				GCC_PREPROCESSOR_DEFINITIONS = DEBUG;
				GCC_SYMBOLS_PRIVATE_EXTERN = NO;
				GCC_VERSION = com.apple.compilers.llvmgcc42;
				GCC_WARN_ABOUT_RETURN_TYPE = YES;
				GCC_WARN_UNUSED_VARIABLE = YES;
				IPHONEOS_DEPLOYMENT_TARGET = 4.3;
				SDKROOT = iphoneos;
			};
			name = Debug;
		};
		CBDF0DAC14239D360008F7AE /* Release */ = {
			isa = XCBuildConfiguration;
			buildSettings = {
				ARCHS = "$(ARCHS_STANDARD_32_BIT)";
				GCC_C_LANGUAGE_STANDARD = gnu99;
				GCC_VERSION = com.apple.compilers.llvmgcc42;
				GCC_WARN_ABOUT_RETURN_TYPE = YES;
				GCC_WARN_UNUSED_VARIABLE = YES;
				IPHONEOS_DEPLOYMENT_TARGET = 4.3;
				SDKROOT = iphoneos;
			};
			name = Release;
		};
		CBDF0DAE14239D360008F7AE /* Debug */ = {
			isa = XCBuildConfiguration;
			buildSettings = {
				ALWAYS_SEARCH_USER_PATHS = NO;
				DSTROOT = /tmp/RZPDF.dst;
				GCC_PRECOMPILE_PREFIX_HEADER = YES;
				GCC_PREFIX_HEADER = "RZPDF-Prefix.pch";
				OTHER_LDFLAGS = "-ObjC";
				PRODUCT_NAME = "$(TARGET_NAME)";
			};
			name = Debug;
		};
		CBDF0DAF14239D360008F7AE /* Release */ = {
			isa = XCBuildConfiguration;
			buildSettings = {
				ALWAYS_SEARCH_USER_PATHS = NO;
				DSTROOT = /tmp/RZPDF.dst;
				GCC_PRECOMPILE_PREFIX_HEADER = YES;
				GCC_PREFIX_HEADER = "RZPDF-Prefix.pch";
				OTHER_LDFLAGS = "-ObjC";
				PRODUCT_NAME = "$(TARGET_NAME)";
			};
			name = Release;
		};
/* End XCBuildConfiguration section */

/* Begin XCConfigurationList section */
		CBDF0D9D14239D360008F7AE /* Build configuration list for PBXProject "RZPDF" */ = {
			isa = XCConfigurationList;
			buildConfigurations = (
				CBDF0DAB14239D360008F7AE /* Debug */,
				CBDF0DAC14239D360008F7AE /* Release */,
			);
			defaultConfigurationIsVisible = 0;
			defaultConfigurationName = Release;
		};
		CBDF0DAD14239D360008F7AE /* Build configuration list for PBXNativeTarget "RZPDF" */ = {
			isa = XCConfigurationList;
			buildConfigurations = (
				CBDF0DAE14239D360008F7AE /* Debug */,
				CBDF0DAF14239D360008F7AE /* Release */,
			);
			defaultConfigurationIsVisible = 0;
			defaultConfigurationName = Release;
		};
/* End XCConfigurationList section */
	};
	rootObject = CBDF0D9A14239D360008F7AE /* Project object */;
}
