// !$*UTF8*$!
{
	archiveVersion = 1;
	classes = {
	};
	objectVersion = 45;
	objects = {

/* Begin PBXBuildFile section */
		1D3623260D0F684500981E51 /* coreTextExAppDelegate.m in Sources */ = {isa = PBXBuildFile; fileRef = 1D3623250D0F684500981E51 /* coreTextExAppDelegate.m */; };
		1D60589B0D05DD56006BFB54 /* main.m in Sources */ = {isa = PBXBuildFile; fileRef = 29B97316FDCFA39411CA2CEA /* main.m */; };
		1D60589F0D05DD5A006BFB54 /* Foundation.framework in Frameworks */ = {isa = PBXBuildFile; fileRef = 1D30AB110D05D00D00671497 /* Foundation.framework */; };
		1DF5F4E00D08C38300B7A737 /* UIKit.framework in Frameworks */ = {isa = PBXBuildFile; fileRef = 1DF5F4DF0D08C38300B7A737 /* UIKit.framework */; };
		288765A50DF7441C002DB57D /* CoreGraphics.framework in Frameworks */ = {isa = PBXBuildFile; fileRef = 288765A40DF7441C002DB57D /* CoreGraphics.framework */; };
		2899E5220DE3E06400AC0155 /* coreTextExViewController.xib in Resources */ = {isa = PBXBuildFile; fileRef = 2899E5210DE3E06400AC0155 /* coreTextExViewController.xib */; };
		28AD733F0D9D9553002E5188 /* MainWindow.xib in Resources */ = {isa = PBXBuildFile; fileRef = 28AD733E0D9D9553002E5188 /* MainWindow.xib */; };
		28D7ACF80DDB3853001CB0EB /* coreTextExViewController.m in Sources */ = {isa = PBXBuildFile; fileRef = 28D7ACF70DDB3853001CB0EB /* coreTextExViewController.m */; };
		446DA8671306D3F90012B8CA /* FontViewController.xib in Resources */ = {isa = PBXBuildFile; fileRef = 446DA8661306D3F90012B8CA /* FontViewController.xib */; };
		446DA86B1306D4480012B8CA /* FontViewController.m in Sources */ = {isa = PBXBuildFile; fileRef = 446DA86A1306D4480012B8CA /* FontViewController.m */; };
		62BFCC67130B1F8700DC761F /* NSString+Hyphenate.m in Sources */ = {isa = PBXBuildFile; fileRef = 62BFCC63130B1F3500DC761F /* NSString+Hyphenate.m */; };
		62BFCC75130B1F9900DC761F /* hyphen.c in Sources */ = {isa = PBXBuildFile; fileRef = 62BFCBE2130B1F3500DC761F /* hyphen.c */; };
		62BFCC76130B1FA200DC761F /* hnjalloc.c in Sources */ = {isa = PBXBuildFile; fileRef = 62BFCBDF130B1F3500DC761F /* hnjalloc.c */; };
		62BFCF04130C30AB00DC761F /* Hyphenate.bundle in Resources */ = {isa = PBXBuildFile; fileRef = 62BFCF03130C30AB00DC761F /* Hyphenate.bundle */; };
		CB2F77A01305F72C003D2AC0 /* ColumnsView.m in Sources */ = {isa = PBXBuildFile; fileRef = CB2F779F1305F72C003D2AC0 /* ColumnsView.m */; };
		CB2F77A61305F7BD003D2AC0 /* sampleText.txt in Resources */ = {isa = PBXBuildFile; fileRef = CB2F77A51305F7BD003D2AC0 /* sampleText.txt */; };
		CB2F77AA1305F853003D2AC0 /* CoreText.framework in Frameworks */ = {isa = PBXBuildFile; fileRef = CB2F77A91305F853003D2AC0 /* CoreText.framework */; };
		CB2F77AC1305F858003D2AC0 /* QuartzCore.framework in Frameworks */ = {isa = PBXBuildFile; fileRef = CB2F77AB1305F858003D2AC0 /* QuartzCore.framework */; };
		CB2F783F13060344003D2AC0 /* OHAttributedLabel.m in Sources */ = {isa = PBXBuildFile; fileRef = CB2F783E13060344003D2AC0 /* OHAttributedLabel.m */; };
/* End PBXBuildFile section */

/* Begin PBXFileReference section */
		1D30AB110D05D00D00671497 /* Foundation.framework */ = {isa = PBXFileReference; lastKnownFileType = wrapper.framework; name = Foundation.framework; path = System/Library/Frameworks/Foundation.framework; sourceTree = SDKROOT; };
		1D3623240D0F684500981E51 /* coreTextExAppDelegate.h */ = {isa = PBXFileReference; fileEncoding = 4; lastKnownFileType = sourcecode.c.h; path = coreTextExAppDelegate.h; sourceTree = "<group>"; };
		1D3623250D0F684500981E51 /* coreTextExAppDelegate.m */ = {isa = PBXFileReference; fileEncoding = 4; lastKnownFileType = sourcecode.c.objc; path = coreTextExAppDelegate.m; sourceTree = "<group>"; };
		1D6058910D05DD3D006BFB54 /* coreTextEx.app */ = {isa = PBXFileReference; explicitFileType = wrapper.application; includeInIndex = 0; path = coreTextEx.app; sourceTree = BUILT_PRODUCTS_DIR; };
		1DF5F4DF0D08C38300B7A737 /* UIKit.framework */ = {isa = PBXFileReference; lastKnownFileType = wrapper.framework; name = UIKit.framework; path = System/Library/Frameworks/UIKit.framework; sourceTree = SDKROOT; };
		288765A40DF7441C002DB57D /* CoreGraphics.framework */ = {isa = PBXFileReference; lastKnownFileType = wrapper.framework; name = CoreGraphics.framework; path = System/Library/Frameworks/CoreGraphics.framework; sourceTree = SDKROOT; };
		2899E5210DE3E06400AC0155 /* coreTextExViewController.xib */ = {isa = PBXFileReference; lastKnownFileType = file.xib; path = coreTextExViewController.xib; sourceTree = "<group>"; };
		28AD733E0D9D9553002E5188 /* MainWindow.xib */ = {isa = PBXFileReference; lastKnownFileType = file.xib; path = MainWindow.xib; sourceTree = "<group>"; };
		28D7ACF60DDB3853001CB0EB /* coreTextExViewController.h */ = {isa = PBXFileReference; fileEncoding = 4; lastKnownFileType = sourcecode.c.h; path = coreTextExViewController.h; sourceTree = "<group>"; };
		28D7ACF70DDB3853001CB0EB /* coreTextExViewController.m */ = {isa = PBXFileReference; fileEncoding = 4; lastKnownFileType = sourcecode.c.objc; path = coreTextExViewController.m; sourceTree = "<group>"; };
		29B97316FDCFA39411CA2CEA /* main.m */ = {isa = PBXFileReference; fileEncoding = 4; lastKnownFileType = sourcecode.c.objc; path = main.m; sourceTree = "<group>"; };
		32CA4F630368D1EE00C91783 /* coreTextEx_Prefix.pch */ = {isa = PBXFileReference; fileEncoding = 4; lastKnownFileType = sourcecode.c.h; path = coreTextEx_Prefix.pch; sourceTree = "<group>"; };
		446DA8661306D3F90012B8CA /* FontViewController.xib */ = {isa = PBXFileReference; lastKnownFileType = file.xib; path = FontViewController.xib; sourceTree = "<group>"; };
		446DA8691306D4480012B8CA /* FontViewController.h */ = {isa = PBXFileReference; fileEncoding = 4; lastKnownFileType = sourcecode.c.h; path = FontViewController.h; sourceTree = "<group>"; };
		446DA86A1306D4480012B8CA /* FontViewController.m */ = {isa = PBXFileReference; fileEncoding = 4; lastKnownFileType = sourcecode.c.objc; path = FontViewController.m; sourceTree = "<group>"; };
		62BFCBCE130B1F3500DC761F /* aclocal.m4 */ = {isa = PBXFileReference; fileEncoding = 4; lastKnownFileType = text; path = aclocal.m4; sourceTree = "<group>"; };
		62BFCBCF130B1F3500DC761F /* AUTHORS */ = {isa = PBXFileReference; fileEncoding = 4; lastKnownFileType = text; path = AUTHORS; sourceTree = "<group>"; };
		62BFCBD0130B1F3500DC761F /* ChangeLog */ = {isa = PBXFileReference; fileEncoding = 4; lastKnownFileType = text; path = ChangeLog; sourceTree = "<group>"; };
		62BFCBD1130B1F3500DC761F /* checkme.lst */ = {isa = PBXFileReference; fileEncoding = 4; lastKnownFileType = text; path = checkme.lst; sourceTree = "<group>"; };
		62BFCBD2130B1F3500DC761F /* config.guess */ = {isa = PBXFileReference; fileEncoding = 4; lastKnownFileType = text.script.sh; path = config.guess; sourceTree = "<group>"; };
		62BFCBD3130B1F3500DC761F /* config.sub */ = {isa = PBXFileReference; fileEncoding = 4; lastKnownFileType = text.script.sh; path = config.sub; sourceTree = "<group>"; };
		62BFCBD4130B1F3500DC761F /* configure */ = {isa = PBXFileReference; fileEncoding = 4; lastKnownFileType = text.script.sh; path = configure; sourceTree = "<group>"; };
		62BFCBD5130B1F3500DC761F /* configure.in */ = {isa = PBXFileReference; fileEncoding = 4; lastKnownFileType = text; path = configure.in; sourceTree = "<group>"; };
		62BFCBD6130B1F3500DC761F /* COPYING */ = {isa = PBXFileReference; fileEncoding = 4; lastKnownFileType = text; path = COPYING; sourceTree = "<group>"; };
		62BFCBD7130B1F3500DC761F /* COPYING.LGPL */ = {isa = PBXFileReference; fileEncoding = 4; lastKnownFileType = text; path = COPYING.LGPL; sourceTree = "<group>"; };
		62BFCBD8130B1F3500DC761F /* COPYING.MPL */ = {isa = PBXFileReference; fileEncoding = 4; lastKnownFileType = text; path = COPYING.MPL; sourceTree = "<group>"; };
		62BFCBD9130B1F3500DC761F /* depcomp */ = {isa = PBXFileReference; fileEncoding = 4; lastKnownFileType = text.script.sh; path = depcomp; sourceTree = "<group>"; };
		62BFCBDB130B1F3500DC761F /* Makefile.am */ = {isa = PBXFileReference; fileEncoding = 4; lastKnownFileType = text; path = Makefile.am; sourceTree = "<group>"; };
		62BFCBDC130B1F3500DC761F /* Makefile.in */ = {isa = PBXFileReference; fileEncoding = 4; lastKnownFileType = text; path = Makefile.in; sourceTree = "<group>"; };
		62BFCBDD130B1F3500DC761F /* tb87nemeth.pdf */ = {isa = PBXFileReference; lastKnownFileType = image.pdf; path = tb87nemeth.pdf; sourceTree = "<group>"; };
		62BFCBDE130B1F3500DC761F /* example.c */ = {isa = PBXFileReference; fileEncoding = 4; lastKnownFileType = sourcecode.c.c; path = example.c; sourceTree = "<group>"; };
		62BFCBDF130B1F3500DC761F /* hnjalloc.c */ = {isa = PBXFileReference; fileEncoding = 4; lastKnownFileType = sourcecode.c.c; path = hnjalloc.c; sourceTree = "<group>"; };
		62BFCBE0130B1F3500DC761F /* hnjalloc.h */ = {isa = PBXFileReference; fileEncoding = 4; lastKnownFileType = sourcecode.c.h; path = hnjalloc.h; sourceTree = "<group>"; };
		62BFCBE1130B1F3500DC761F /* hyph_en_US.dic */ = {isa = PBXFileReference; fileEncoding = 4; lastKnownFileType = text; path = hyph_en_US.dic; sourceTree = "<group>"; };
		62BFCBE2130B1F3500DC761F /* hyphen.c */ = {isa = PBXFileReference; fileEncoding = 4; lastKnownFileType = sourcecode.c.c; path = hyphen.c; sourceTree = "<group>"; };
		62BFCBE3130B1F3500DC761F /* hyphen.h */ = {isa = PBXFileReference; fileEncoding = 4; lastKnownFileType = sourcecode.c.h; path = hyphen.h; sourceTree = "<group>"; };
		62BFCBE4130B1F3500DC761F /* hyphen.patch */ = {isa = PBXFileReference; fileEncoding = 4; lastKnownFileType = text; path = hyphen.patch; sourceTree = "<group>"; };
		62BFCBE5130B1F3500DC761F /* hyphen.tex */ = {isa = PBXFileReference; fileEncoding = 4; lastKnownFileType = text; path = hyphen.tex; sourceTree = "<group>"; };
		62BFCBE6130B1F3500DC761F /* INSTALL */ = {isa = PBXFileReference; fileEncoding = 4; lastKnownFileType = text; path = INSTALL; sourceTree = "<group>"; };
		62BFCBE7130B1F3500DC761F /* install-sh */ = {isa = PBXFileReference; fileEncoding = 4; lastKnownFileType = text.script.sh; path = "install-sh"; sourceTree = "<group>"; };
		62BFCBE8130B1F3500DC761F /* lig.awk */ = {isa = PBXFileReference; fileEncoding = 4; lastKnownFileType = text; path = lig.awk; sourceTree = "<group>"; };
		62BFCBE9130B1F3500DC761F /* ligpatch.txt */ = {isa = PBXFileReference; fileEncoding = 4; lastKnownFileType = text; path = ligpatch.txt; sourceTree = "<group>"; };
		62BFCBEA130B1F3500DC761F /* ltmain.sh */ = {isa = PBXFileReference; fileEncoding = 4; lastKnownFileType = text.script.sh; path = ltmain.sh; sourceTree = "<group>"; };
		62BFCBEB130B1F3500DC761F /* Makefile.am */ = {isa = PBXFileReference; fileEncoding = 4; lastKnownFileType = text; path = Makefile.am; sourceTree = "<group>"; };
		62BFCBEC130B1F3500DC761F /* Makefile.in */ = {isa = PBXFileReference; fileEncoding = 4; lastKnownFileType = text; path = Makefile.in; sourceTree = "<group>"; };
		62BFCBED130B1F3500DC761F /* missing */ = {isa = PBXFileReference; fileEncoding = 4; lastKnownFileType = text.script.sh; path = missing; sourceTree = "<group>"; };
		62BFCBEE130B1F3500DC761F /* NEWS */ = {isa = PBXFileReference; fileEncoding = 4; lastKnownFileType = text; path = NEWS; sourceTree = "<group>"; };
		62BFCBEF130B1F3500DC761F /* ooopatch.sed */ = {isa = PBXFileReference; fileEncoding = 4; lastKnownFileType = text; path = ooopatch.sed; sourceTree = "<group>"; };
		62BFCBF0130B1F3500DC761F /* README */ = {isa = PBXFileReference; fileEncoding = 4; lastKnownFileType = text; path = README; sourceTree = "<group>"; };
		62BFCBF1130B1F3500DC761F /* README.compound */ = {isa = PBXFileReference; fileEncoding = 4; lastKnownFileType = text; path = README.compound; sourceTree = "<group>"; };
		62BFCBF2130B1F3500DC761F /* README.hyphen */ = {isa = PBXFileReference; fileEncoding = 4; lastKnownFileType = text; path = README.hyphen; sourceTree = "<group>"; };
		62BFCBF3130B1F3500DC761F /* README.nonstandard */ = {isa = PBXFileReference; fileEncoding = 4; lastKnownFileType = text; path = README.nonstandard; sourceTree = "<group>"; };
		62BFCBF4130B1F3500DC761F /* README_hyph_en_US.txt */ = {isa = PBXFileReference; fileEncoding = 4; lastKnownFileType = text; path = README_hyph_en_US.txt; sourceTree = "<group>"; };
		62BFCBF5130B1F3500DC761F /* substrings.c */ = {isa = PBXFileReference; fileEncoding = 4; lastKnownFileType = sourcecode.c.c; path = substrings.c; sourceTree = "<group>"; };
		62BFCBF6130B1F3500DC761F /* substrings.pl */ = {isa = PBXFileReference; fileEncoding = 4; lastKnownFileType = text.script.perl; path = substrings.pl; sourceTree = "<group>"; };
		62BFCBF7130B1F3500DC761F /* tbhyphext.sh */ = {isa = PBXFileReference; fileEncoding = 4; lastKnownFileType = text.script.sh; path = tbhyphext.sh; sourceTree = "<group>"; };
		62BFCBF8130B1F3500DC761F /* tbhyphext.tex */ = {isa = PBXFileReference; fileEncoding = 4; lastKnownFileType = text; path = tbhyphext.tex; sourceTree = "<group>"; };
		62BFCBFA130B1F3500DC761F /* alt.hyph */ = {isa = PBXFileReference; fileEncoding = 4; lastKnownFileType = text; path = alt.hyph; sourceTree = "<group>"; };
		62BFCBFB130B1F3500DC761F /* alt.pat */ = {isa = PBXFileReference; fileEncoding = 4; lastKnownFileType = text; path = alt.pat; sourceTree = "<group>"; };
		62BFCBFC130B1F3500DC761F /* alt.test */ = {isa = PBXFileReference; fileEncoding = 4; lastKnownFileType = text.script.sh; path = alt.test; sourceTree = "<group>"; };
		62BFCBFD130B1F3500DC761F /* alt.word */ = {isa = PBXFileReference; fileEncoding = 4; lastKnownFileType = text; path = alt.word; sourceTree = "<group>"; };
		62BFCBFE130B1F3500DC761F /* alt2.hyph */ = {isa = PBXFileReference; fileEncoding = 4; lastKnownFileType = text; path = alt2.hyph; sourceTree = "<group>"; };
		62BFCBFF130B1F3500DC761F /* alt2.pat */ = {isa = PBXFileReference; fileEncoding = 4; lastKnownFileType = text; path = alt2.pat; sourceTree = "<group>"; };
		62BFCC00130B1F3500DC761F /* alt2.test */ = {isa = PBXFileReference; fileEncoding = 4; lastKnownFileType = text.script.sh; path = alt2.test; sourceTree = "<group>"; };
		62BFCC01130B1F3500DC761F /* alt2.word */ = {isa = PBXFileReference; fileEncoding = 4; lastKnownFileType = text; path = alt2.word; sourceTree = "<group>"; };
		62BFCC02130B1F3500DC761F /* alt3.hyph */ = {isa = PBXFileReference; fileEncoding = 4; lastKnownFileType = text; path = alt3.hyph; sourceTree = "<group>"; };
		62BFCC03130B1F3500DC761F /* alt3.pat */ = {isa = PBXFileReference; fileEncoding = 4; lastKnownFileType = text; path = alt3.pat; sourceTree = "<group>"; };
		62BFCC04130B1F3500DC761F /* alt3.test */ = {isa = PBXFileReference; fileEncoding = 4; lastKnownFileType = text.script.sh; path = alt3.test; sourceTree = "<group>"; };
		62BFCC05130B1F3500DC761F /* alt3.word */ = {isa = PBXFileReference; fileEncoding = 4; lastKnownFileType = text; path = alt3.word; sourceTree = "<group>"; };
		62BFCC06130B1F3500DC761F /* alt4.hyph */ = {isa = PBXFileReference; fileEncoding = 4; lastKnownFileType = text; path = alt4.hyph; sourceTree = "<group>"; };
		62BFCC07130B1F3500DC761F /* alt4.pat */ = {isa = PBXFileReference; fileEncoding = 4; lastKnownFileType = text; path = alt4.pat; sourceTree = "<group>"; };
		62BFCC08130B1F3500DC761F /* alt4.test */ = {isa = PBXFileReference; fileEncoding = 4; lastKnownFileType = text.script.sh; path = alt4.test; sourceTree = "<group>"; };
		62BFCC09130B1F3500DC761F /* alt4.word */ = {isa = PBXFileReference; fileEncoding = 4; lastKnownFileType = text; path = alt4.word; sourceTree = "<group>"; };
		62BFCC0A130B1F3500DC761F /* alt5.hyph */ = {isa = PBXFileReference; fileEncoding = 4; lastKnownFileType = text; path = alt5.hyph; sourceTree = "<group>"; };
		62BFCC0B130B1F3500DC761F /* alt5.pat */ = {isa = PBXFileReference; fileEncoding = 4; lastKnownFileType = text; path = alt5.pat; sourceTree = "<group>"; };
		62BFCC0C130B1F3500DC761F /* alt5.test */ = {isa = PBXFileReference; fileEncoding = 4; lastKnownFileType = text.script.sh; path = alt5.test; sourceTree = "<group>"; };
		62BFCC0D130B1F3500DC761F /* alt5.word */ = {isa = PBXFileReference; fileEncoding = 4; lastKnownFileType = text; path = alt5.word; sourceTree = "<group>"; };
		62BFCC0E130B1F3500DC761F /* alt6.hyph */ = {isa = PBXFileReference; fileEncoding = 4; lastKnownFileType = text; path = alt6.hyph; sourceTree = "<group>"; };
		62BFCC0F130B1F3500DC761F /* alt6.pat */ = {isa = PBXFileReference; fileEncoding = 4; lastKnownFileType = text; path = alt6.pat; sourceTree = "<group>"; };
		62BFCC10130B1F3500DC761F /* alt6.test */ = {isa = PBXFileReference; fileEncoding = 4; lastKnownFileType = text.script.sh; path = alt6.test; sourceTree = "<group>"; };
		62BFCC11130B1F3500DC761F /* alt6.word */ = {isa = PBXFileReference; fileEncoding = 4; lastKnownFileType = text; path = alt6.word; sourceTree = "<group>"; };
		62BFCC12130B1F3500DC761F /* base.hyph */ = {isa = PBXFileReference; fileEncoding = 4; lastKnownFileType = text; path = base.hyph; sourceTree = "<group>"; };
		62BFCC13130B1F3500DC761F /* base.pat */ = {isa = PBXFileReference; fileEncoding = 4; lastKnownFileType = text; path = base.pat; sourceTree = "<group>"; };
		62BFCC14130B1F3500DC761F /* base.test */ = {isa = PBXFileReference; fileEncoding = 4; lastKnownFileType = text.script.sh; path = base.test; sourceTree = "<group>"; };
		62BFCC15130B1F3500DC761F /* base.word */ = {isa = PBXFileReference; fileEncoding = 4; lastKnownFileType = text; path = base.word; sourceTree = "<group>"; };
		62BFCC16130B1F3500DC761F /* basealt.hyph */ = {isa = PBXFileReference; fileEncoding = 4; lastKnownFileType = text; path = basealt.hyph; sourceTree = "<group>"; };
		62BFCC17130B1F3500DC761F /* basealt.pat */ = {isa = PBXFileReference; fileEncoding = 4; lastKnownFileType = text; path = basealt.pat; sourceTree = "<group>"; };
		62BFCC18130B1F3500DC761F /* basealt.test */ = {isa = PBXFileReference; fileEncoding = 4; lastKnownFileType = text.script.sh; path = basealt.test; sourceTree = "<group>"; };
		62BFCC19130B1F3500DC761F /* basealt.word */ = {isa = PBXFileReference; fileEncoding = 4; lastKnownFileType = text; path = basealt.word; sourceTree = "<group>"; };
		62BFCC1A130B1F3500DC761F /* basealt2.hyph */ = {isa = PBXFileReference; fileEncoding = 4; lastKnownFileType = text; path = basealt2.hyph; sourceTree = "<group>"; };
		62BFCC1B130B1F3500DC761F /* basealt2.pat */ = {isa = PBXFileReference; fileEncoding = 4; lastKnownFileType = text; path = basealt2.pat; sourceTree = "<group>"; };
		62BFCC1C130B1F3500DC761F /* basealt2.test */ = {isa = PBXFileReference; fileEncoding = 4; lastKnownFileType = text.script.sh; path = basealt2.test; sourceTree = "<group>"; };
		62BFCC1D130B1F3500DC761F /* basealt2.word */ = {isa = PBXFileReference; fileEncoding = 4; lastKnownFileType = text; path = basealt2.word; sourceTree = "<group>"; };
		62BFCC1E130B1F3500DC761F /* compound.hyph */ = {isa = PBXFileReference; fileEncoding = 4; lastKnownFileType = text; path = compound.hyph; sourceTree = "<group>"; };
		62BFCC1F130B1F3500DC761F /* compound.pat */ = {isa = PBXFileReference; fileEncoding = 4; lastKnownFileType = text; path = compound.pat; sourceTree = "<group>"; };
		62BFCC20130B1F3500DC761F /* compound.test */ = {isa = PBXFileReference; fileEncoding = 4; lastKnownFileType = text.script.sh; path = compound.test; sourceTree = "<group>"; };
		62BFCC21130B1F3500DC761F /* compound.word */ = {isa = PBXFileReference; fileEncoding = 4; lastKnownFileType = text; path = compound.word; sourceTree = "<group>"; };
		62BFCC22130B1F3500DC761F /* compound2.hyph */ = {isa = PBXFileReference; fileEncoding = 4; lastKnownFileType = text; path = compound2.hyph; sourceTree = "<group>"; };
		62BFCC23130B1F3500DC761F /* compound2.pat */ = {isa = PBXFileReference; fileEncoding = 4; lastKnownFileType = text; path = compound2.pat; sourceTree = "<group>"; };
		62BFCC24130B1F3500DC761F /* compound2.test */ = {isa = PBXFileReference; fileEncoding = 4; lastKnownFileType = text.script.sh; path = compound2.test; sourceTree = "<group>"; };
		62BFCC25130B1F3500DC761F /* compound2.word */ = {isa = PBXFileReference; fileEncoding = 4; lastKnownFileType = text; path = compound2.word; sourceTree = "<group>"; };
		62BFCC26130B1F3500DC761F /* compound3.hyph */ = {isa = PBXFileReference; fileEncoding = 4; lastKnownFileType = text; path = compound3.hyph; sourceTree = "<group>"; };
		62BFCC27130B1F3500DC761F /* compound3.pat */ = {isa = PBXFileReference; fileEncoding = 4; lastKnownFileType = text; path = compound3.pat; sourceTree = "<group>"; };
		62BFCC28130B1F3500DC761F /* compound3.test */ = {isa = PBXFileReference; fileEncoding = 4; lastKnownFileType = text.script.sh; path = compound3.test; sourceTree = "<group>"; };
		62BFCC29130B1F3500DC761F /* compound3.word */ = {isa = PBXFileReference; fileEncoding = 4; lastKnownFileType = text; path = compound3.word; sourceTree = "<group>"; };
		62BFCC2A130B1F3500DC761F /* compound4.hyph */ = {isa = PBXFileReference; fileEncoding = 4; lastKnownFileType = text; path = compound4.hyph; sourceTree = "<group>"; };
		62BFCC2B130B1F3500DC761F /* compound4.pat */ = {isa = PBXFileReference; fileEncoding = 4; lastKnownFileType = text; path = compound4.pat; sourceTree = "<group>"; };
		62BFCC2C130B1F3500DC761F /* compound4.test */ = {isa = PBXFileReference; fileEncoding = 4; lastKnownFileType = text.script.sh; path = compound4.test; sourceTree = "<group>"; };
		62BFCC2D130B1F3500DC761F /* compound4.word */ = {isa = PBXFileReference; fileEncoding = 4; lastKnownFileType = text; path = compound4.word; sourceTree = "<group>"; };
		62BFCC2E130B1F3500DC761F /* conv.dic */ = {isa = PBXFileReference; fileEncoding = 4; lastKnownFileType = text; path = conv.dic; sourceTree = "<group>"; };
		62BFCC2F130B1F3500DC761F /* conv.hyph */ = {isa = PBXFileReference; fileEncoding = 4; lastKnownFileType = text; path = conv.hyph; sourceTree = "<group>"; };
		62BFCC30130B1F3500DC761F /* conv.pat */ = {isa = PBXFileReference; fileEncoding = 4; lastKnownFileType = text; path = conv.pat; sourceTree = "<group>"; };
		62BFCC31130B1F3500DC761F /* conv.test */ = {isa = PBXFileReference; fileEncoding = 4; lastKnownFileType = text.script.sh; path = conv.test; sourceTree = "<group>"; };
		62BFCC32130B1F3500DC761F /* conv.word */ = {isa = PBXFileReference; fileEncoding = 4; lastKnownFileType = text; path = conv.word; sourceTree = "<group>"; };
		62BFCC33130B1F3500DC761F /* hyphen.hyph */ = {isa = PBXFileReference; fileEncoding = 4; lastKnownFileType = text; path = hyphen.hyph; sourceTree = "<group>"; };
		62BFCC34130B1F3500DC761F /* hyphen.pat */ = {isa = PBXFileReference; fileEncoding = 4; lastKnownFileType = text; path = hyphen.pat; sourceTree = "<group>"; };
		62BFCC35130B1F3500DC761F /* hyphen.test */ = {isa = PBXFileReference; fileEncoding = 4; lastKnownFileType = text.script.sh; path = hyphen.test; sourceTree = "<group>"; };
		62BFCC36130B1F3500DC761F /* hyphen.word */ = {isa = PBXFileReference; fileEncoding = 4; lastKnownFileType = text; path = hyphen.word; sourceTree = "<group>"; };
		62BFCC37130B1F3500DC761F /* lhmin.hyph */ = {isa = PBXFileReference; fileEncoding = 4; lastKnownFileType = text; path = lhmin.hyph; sourceTree = "<group>"; };
		62BFCC38130B1F3500DC761F /* lhmin.pat */ = {isa = PBXFileReference; fileEncoding = 4; lastKnownFileType = text; path = lhmin.pat; sourceTree = "<group>"; };
		62BFCC39130B1F3500DC761F /* lhmin.test */ = {isa = PBXFileReference; fileEncoding = 4; lastKnownFileType = text.script.sh; path = lhmin.test; sourceTree = "<group>"; };
		62BFCC3A130B1F3500DC761F /* lhmin.word */ = {isa = PBXFileReference; fileEncoding = 4; lastKnownFileType = text; path = lhmin.word; sourceTree = "<group>"; };
		62BFCC3B130B1F3500DC761F /* lig.hyph */ = {isa = PBXFileReference; fileEncoding = 4; lastKnownFileType = text; path = lig.hyph; sourceTree = "<group>"; };
		62BFCC3C130B1F3500DC761F /* lig.pat */ = {isa = PBXFileReference; fileEncoding = 4; lastKnownFileType = text; path = lig.pat; sourceTree = "<group>"; };
		62BFCC3D130B1F3500DC761F /* lig.test */ = {isa = PBXFileReference; fileEncoding = 4; lastKnownFileType = text.script.sh; path = lig.test; sourceTree = "<group>"; };
		62BFCC3E130B1F3500DC761F /* lig.word */ = {isa = PBXFileReference; fileEncoding = 4; lastKnownFileType = text; path = lig.word; sourceTree = "<group>"; };
		62BFCC3F130B1F3500DC761F /* Makefile.am */ = {isa = PBXFileReference; fileEncoding = 4; lastKnownFileType = text; path = Makefile.am; sourceTree = "<group>"; };
		62BFCC40130B1F3500DC761F /* Makefile.in */ = {isa = PBXFileReference; fileEncoding = 4; lastKnownFileType = text; path = Makefile.in; sourceTree = "<group>"; };
		62BFCC41130B1F3500DC761F /* rhmin.hyph */ = {isa = PBXFileReference; fileEncoding = 4; lastKnownFileType = text; path = rhmin.hyph; sourceTree = "<group>"; };
		62BFCC42130B1F3500DC761F /* rhmin.pat */ = {isa = PBXFileReference; fileEncoding = 4; lastKnownFileType = text; path = rhmin.pat; sourceTree = "<group>"; };
		62BFCC43130B1F3500DC761F /* rhmin.test */ = {isa = PBXFileReference; fileEncoding = 4; lastKnownFileType = text.script.sh; path = rhmin.test; sourceTree = "<group>"; };
		62BFCC44130B1F3500DC761F /* rhmin.word */ = {isa = PBXFileReference; fileEncoding = 4; lastKnownFileType = text; path = rhmin.word; sourceTree = "<group>"; };
		62BFCC45130B1F3500DC761F /* settings.hyph */ = {isa = PBXFileReference; fileEncoding = 4; lastKnownFileType = text; path = settings.hyph; sourceTree = "<group>"; };
		62BFCC46130B1F3500DC761F /* settings.pat */ = {isa = PBXFileReference; fileEncoding = 4; lastKnownFileType = text; path = settings.pat; sourceTree = "<group>"; };
		62BFCC47130B1F3500DC761F /* settings.test */ = {isa = PBXFileReference; fileEncoding = 4; lastKnownFileType = text.script.sh; path = settings.test; sourceTree = "<group>"; };
		62BFCC48130B1F3500DC761F /* settings.word */ = {isa = PBXFileReference; fileEncoding = 4; lastKnownFileType = text; path = settings.word; sourceTree = "<group>"; };
		62BFCC49130B1F3500DC761F /* settings2.hyph */ = {isa = PBXFileReference; fileEncoding = 4; lastKnownFileType = text; path = settings2.hyph; sourceTree = "<group>"; };
		62BFCC4A130B1F3500DC761F /* settings2.pat */ = {isa = PBXFileReference; fileEncoding = 4; lastKnownFileType = text; path = settings2.pat; sourceTree = "<group>"; };
		62BFCC4B130B1F3500DC761F /* settings2.test */ = {isa = PBXFileReference; fileEncoding = 4; lastKnownFileType = text.script.sh; path = settings2.test; sourceTree = "<group>"; };
		62BFCC4C130B1F3500DC761F /* settings2.word */ = {isa = PBXFileReference; fileEncoding = 4; lastKnownFileType = text; path = settings2.word; sourceTree = "<group>"; };
		62BFCC4D130B1F3500DC761F /* settings3.hyph */ = {isa = PBXFileReference; fileEncoding = 4; lastKnownFileType = text; path = settings3.hyph; sourceTree = "<group>"; };
		62BFCC4E130B1F3500DC761F /* settings3.pat */ = {isa = PBXFileReference; fileEncoding = 4; lastKnownFileType = text; path = settings3.pat; sourceTree = "<group>"; };
		62BFCC4F130B1F3500DC761F /* settings3.test */ = {isa = PBXFileReference; fileEncoding = 4; lastKnownFileType = text.script.sh; path = settings3.test; sourceTree = "<group>"; };
		62BFCC50130B1F3500DC761F /* settings3.word */ = {isa = PBXFileReference; fileEncoding = 4; lastKnownFileType = text; path = settings3.word; sourceTree = "<group>"; };
		62BFCC51130B1F3500DC761F /* settings4.hyph */ = {isa = PBXFileReference; fileEncoding = 4; lastKnownFileType = text; path = settings4.hyph; sourceTree = "<group>"; };
		62BFCC52130B1F3500DC761F /* settings4.pat */ = {isa = PBXFileReference; fileEncoding = 4; lastKnownFileType = text; path = settings4.pat; sourceTree = "<group>"; };
		62BFCC53130B1F3500DC761F /* settings4.test */ = {isa = PBXFileReference; fileEncoding = 4; lastKnownFileType = text.script.sh; path = settings4.test; sourceTree = "<group>"; };
		62BFCC54130B1F3500DC761F /* settings4.word */ = {isa = PBXFileReference; fileEncoding = 4; lastKnownFileType = text; path = settings4.word; sourceTree = "<group>"; };
		62BFCC55130B1F3500DC761F /* test.sh */ = {isa = PBXFileReference; fileEncoding = 4; lastKnownFileType = text.script.sh; path = test.sh; sourceTree = "<group>"; };
		62BFCC56130B1F3500DC761F /* unicode.hyph */ = {isa = PBXFileReference; fileEncoding = 4; lastKnownFileType = text; path = unicode.hyph; sourceTree = "<group>"; };
		62BFCC57130B1F3500DC761F /* unicode.pat */ = {isa = PBXFileReference; fileEncoding = 4; lastKnownFileType = text; path = unicode.pat; sourceTree = "<group>"; };
		62BFCC58130B1F3500DC761F /* unicode.test */ = {isa = PBXFileReference; fileEncoding = 4; lastKnownFileType = text.script.sh; path = unicode.test; sourceTree = "<group>"; };
		62BFCC59130B1F3500DC761F /* unicode.word */ = {isa = PBXFileReference; fileEncoding = 4; lastKnownFileType = text; path = unicode.word; sourceTree = "<group>"; };
		62BFCC5A130B1F3500DC761F /* THANKS */ = {isa = PBXFileReference; fileEncoding = 4; lastKnownFileType = text; path = THANKS; sourceTree = "<group>"; };
		62BFCC5B130B1F3500DC761F /* TODO */ = {isa = PBXFileReference; fileEncoding = 4; lastKnownFileType = text; path = TODO; sourceTree = "<group>"; };
		62BFCC5E130B1F3500DC761F /* README.txt */ = {isa = PBXFileReference; fileEncoding = 4; lastKnownFileType = text; path = README.txt; sourceTree = "<group>"; };
		62BFCC5F130B1F3500DC761F /* TouchXML-setStringValue.patch */ = {isa = PBXFileReference; fileEncoding = 4; lastKnownFileType = text; path = "TouchXML-setStringValue.patch"; sourceTree = "<group>"; };
		62BFCC61130B1F3500DC761F /* LICENSE */ = {isa = PBXFileReference; fileEncoding = 4; lastKnownFileType = text; path = LICENSE; sourceTree = "<group>"; };
		62BFCC62130B1F3500DC761F /* NSString+Hyphenate.h */ = {isa = PBXFileReference; fileEncoding = 4; lastKnownFileType = sourcecode.c.h; path = "NSString+Hyphenate.h"; sourceTree = "<group>"; };
		62BFCC63130B1F3500DC761F /* NSString+Hyphenate.m */ = {isa = PBXFileReference; fileEncoding = 4; lastKnownFileType = sourcecode.c.objc; path = "NSString+Hyphenate.m"; sourceTree = "<group>"; };
		62BFCC64130B1F3500DC761F /* README.txt */ = {isa = PBXFileReference; fileEncoding = 4; lastKnownFileType = text; path = README.txt; sourceTree = "<group>"; };
		62BFCF03130C30AB00DC761F /* Hyphenate.bundle */ = {isa = PBXFileReference; lastKnownFileType = "wrapper.plug-in"; path = Hyphenate.bundle; sourceTree = "<group>"; };
		8D1107310486CEB800E47090 /* coreTextEx-Info.plist */ = {isa = PBXFileReference; fileEncoding = 4; lastKnownFileType = text.plist.xml; path = "coreTextEx-Info.plist"; plistStructureDefinitionIdentifier = "com.apple.xcode.plist.structure-definition.iphone.info-plist"; sourceTree = "<group>"; };
		CB2F779E1305F72C003D2AC0 /* ColumnsView.h */ = {isa = PBXFileReference; fileEncoding = 4; lastKnownFileType = sourcecode.c.h; path = ColumnsView.h; sourceTree = "<group>"; };
		CB2F779F1305F72C003D2AC0 /* ColumnsView.m */ = {isa = PBXFileReference; fileEncoding = 4; lastKnownFileType = sourcecode.c.objc; path = ColumnsView.m; sourceTree = "<group>"; };
		CB2F77A51305F7BD003D2AC0 /* sampleText.txt */ = {isa = PBXFileReference; fileEncoding = 4; lastKnownFileType = text; path = sampleText.txt; sourceTree = "<group>"; };
		CB2F77A91305F853003D2AC0 /* CoreText.framework */ = {isa = PBXFileReference; lastKnownFileType = wrapper.framework; name = CoreText.framework; path = System/Library/Frameworks/CoreText.framework; sourceTree = SDKROOT; };
		CB2F77AB1305F858003D2AC0 /* QuartzCore.framework */ = {isa = PBXFileReference; lastKnownFileType = wrapper.framework; name = QuartzCore.framework; path = System/Library/Frameworks/QuartzCore.framework; sourceTree = SDKROOT; };
		CB2F783D13060344003D2AC0 /* OHAttributedLabel.h */ = {isa = PBXFileReference; fileEncoding = 4; lastKnownFileType = sourcecode.c.h; path = OHAttributedLabel.h; sourceTree = "<group>"; };
		CB2F783E13060344003D2AC0 /* OHAttributedLabel.m */ = {isa = PBXFileReference; fileEncoding = 4; lastKnownFileType = sourcecode.c.objc; path = OHAttributedLabel.m; sourceTree = "<group>"; };
/* End PBXFileReference section */

/* Begin PBXFrameworksBuildPhase section */
		1D60588F0D05DD3D006BFB54 /* Frameworks */ = {
			isa = PBXFrameworksBuildPhase;
			buildActionMask = 2147483647;
			files = (
				1D60589F0D05DD5A006BFB54 /* Foundation.framework in Frameworks */,
				1DF5F4E00D08C38300B7A737 /* UIKit.framework in Frameworks */,
				288765A50DF7441C002DB57D /* CoreGraphics.framework in Frameworks */,
				CB2F77AA1305F853003D2AC0 /* CoreText.framework in Frameworks */,
				CB2F77AC1305F858003D2AC0 /* QuartzCore.framework in Frameworks */,
			);
			runOnlyForDeploymentPostprocessing = 0;
		};
/* End PBXFrameworksBuildPhase section */

/* Begin PBXGroup section */
		080E96DDFE201D6D7F000001 /* Classes */ = {
			isa = PBXGroup;
			children = (
				CB2F783D13060344003D2AC0 /* OHAttributedLabel.h */,
				CB2F783E13060344003D2AC0 /* OHAttributedLabel.m */,
				1D3623240D0F684500981E51 /* coreTextExAppDelegate.h */,
				1D3623250D0F684500981E51 /* coreTextExAppDelegate.m */,
				28D7ACF60DDB3853001CB0EB /* coreTextExViewController.h */,
				28D7ACF70DDB3853001CB0EB /* coreTextExViewController.m */,
				CB2F779E1305F72C003D2AC0 /* ColumnsView.h */,
				CB2F779F1305F72C003D2AC0 /* ColumnsView.m */,
				446DA8691306D4480012B8CA /* FontViewController.h */,
				446DA86A1306D4480012B8CA /* FontViewController.m */,
			);
			path = Classes;
			sourceTree = "<group>";
		};
		19C28FACFE9D520D11CA2CBB /* Products */ = {
			isa = PBXGroup;
			children = (
				1D6058910D05DD3D006BFB54 /* coreTextEx.app */,
			);
			name = Products;
			sourceTree = "<group>";
		};
		29B97314FDCFA39411CA2CEA /* CustomTemplate */ = {
			isa = PBXGroup;
			children = (
				62BFCBCC130B1F3500DC761F /* external */,
				080E96DDFE201D6D7F000001 /* Classes */,
				29B97315FDCFA39411CA2CEA /* Other Sources */,
				29B97317FDCFA39411CA2CEA /* Resources */,
				29B97323FDCFA39411CA2CEA /* Frameworks */,
				19C28FACFE9D520D11CA2CBB /* Products */,
				CB2F77A91305F853003D2AC0 /* CoreText.framework */,
				CB2F77AB1305F858003D2AC0 /* QuartzCore.framework */,
			);
			name = CustomTemplate;
			sourceTree = "<group>";
		};
		29B97315FDCFA39411CA2CEA /* Other Sources */ = {
			isa = PBXGroup;
			children = (
				32CA4F630368D1EE00C91783 /* coreTextEx_Prefix.pch */,
				29B97316FDCFA39411CA2CEA /* main.m */,
			);
			name = "Other Sources";
			sourceTree = "<group>";
		};
		29B97317FDCFA39411CA2CEA /* Resources */ = {
			isa = PBXGroup;
			children = (
				CB2F77A51305F7BD003D2AC0 /* sampleText.txt */,
				2899E5210DE3E06400AC0155 /* coreTextExViewController.xib */,
				28AD733E0D9D9553002E5188 /* MainWindow.xib */,
				8D1107310486CEB800E47090 /* coreTextEx-Info.plist */,
				446DA8661306D3F90012B8CA /* FontViewController.xib */,
			);
			name = Resources;
			sourceTree = "<group>";
		};
		29B97323FDCFA39411CA2CEA /* Frameworks */ = {
			isa = PBXGroup;
			children = (
				1DF5F4DF0D08C38300B7A737 /* UIKit.framework */,
				1D30AB110D05D00D00671497 /* Foundation.framework */,
				288765A40DF7441C002DB57D /* CoreGraphics.framework */,
			);
			name = Frameworks;
			sourceTree = "<group>";
		};
		62BFCBCC130B1F3500DC761F /* external */ = {
			isa = PBXGroup;
			children = (
				62BFCBCD130B1F3500DC761F /* hunspell-hyphen-2.7.1 */,
				62BFCC5C130B1F3500DC761F /* hyphenate */,
			);
			path = external;
			sourceTree = "<group>";
		};
		62BFCBCD130B1F3500DC761F /* hunspell-hyphen-2.7.1 */ = {
			isa = PBXGroup;
			children = (
				62BFCBCE130B1F3500DC761F /* aclocal.m4 */,
				62BFCBCF130B1F3500DC761F /* AUTHORS */,
				62BFCBD0130B1F3500DC761F /* ChangeLog */,
				62BFCBD1130B1F3500DC761F /* checkme.lst */,
				62BFCBD2130B1F3500DC761F /* config.guess */,
				62BFCBD3130B1F3500DC761F /* config.sub */,
				62BFCBD4130B1F3500DC761F /* configure */,
				62BFCBD5130B1F3500DC761F /* configure.in */,
				62BFCBD6130B1F3500DC761F /* COPYING */,
				62BFCBD7130B1F3500DC761F /* COPYING.LGPL */,
				62BFCBD8130B1F3500DC761F /* COPYING.MPL */,
				62BFCBD9130B1F3500DC761F /* depcomp */,
				62BFCBDA130B1F3500DC761F /* doc */,
				62BFCBDE130B1F3500DC761F /* example.c */,
				62BFCBDF130B1F3500DC761F /* hnjalloc.c */,
				62BFCBE0130B1F3500DC761F /* hnjalloc.h */,
				62BFCBE1130B1F3500DC761F /* hyph_en_US.dic */,
				62BFCBE2130B1F3500DC761F /* hyphen.c */,
				62BFCBE3130B1F3500DC761F /* hyphen.h */,
				62BFCBE4130B1F3500DC761F /* hyphen.patch */,
				62BFCBE5130B1F3500DC761F /* hyphen.tex */,
				62BFCBE6130B1F3500DC761F /* INSTALL */,
				62BFCBE7130B1F3500DC761F /* install-sh */,
				62BFCBE8130B1F3500DC761F /* lig.awk */,
				62BFCBE9130B1F3500DC761F /* ligpatch.txt */,
				62BFCBEA130B1F3500DC761F /* ltmain.sh */,
				62BFCBEB130B1F3500DC761F /* Makefile.am */,
				62BFCBEC130B1F3500DC761F /* Makefile.in */,
				62BFCBED130B1F3500DC761F /* missing */,
				62BFCBEE130B1F3500DC761F /* NEWS */,
				62BFCBEF130B1F3500DC761F /* ooopatch.sed */,
				62BFCBF0130B1F3500DC761F /* README */,
				62BFCBF1130B1F3500DC761F /* README.compound */,
				62BFCBF2130B1F3500DC761F /* README.hyphen */,
				62BFCBF3130B1F3500DC761F /* README.nonstandard */,
				62BFCBF4130B1F3500DC761F /* README_hyph_en_US.txt */,
				62BFCBF5130B1F3500DC761F /* substrings.c */,
				62BFCBF6130B1F3500DC761F /* substrings.pl */,
				62BFCBF7130B1F3500DC761F /* tbhyphext.sh */,
				62BFCBF8130B1F3500DC761F /* tbhyphext.tex */,
				62BFCBF9130B1F3500DC761F /* tests */,
				62BFCC5A130B1F3500DC761F /* THANKS */,
				62BFCC5B130B1F3500DC761F /* TODO */,
			);
			path = "hunspell-hyphen-2.7.1";
			sourceTree = "<group>";
		};
		62BFCBDA130B1F3500DC761F /* doc */ = {
			isa = PBXGroup;
			children = (
				62BFCBDB130B1F3500DC761F /* Makefile.am */,
				62BFCBDC130B1F3500DC761F /* Makefile.in */,
				62BFCBDD130B1F3500DC761F /* tb87nemeth.pdf */,
			);
			path = doc;
			sourceTree = "<group>";
		};
		62BFCBF9130B1F3500DC761F /* tests */ = {
			isa = PBXGroup;
			children = (
				62BFCBFA130B1F3500DC761F /* alt.hyph */,
				62BFCBFB130B1F3500DC761F /* alt.pat */,
				62BFCBFC130B1F3500DC761F /* alt.test */,
				62BFCBFD130B1F3500DC761F /* alt.word */,
				62BFCBFE130B1F3500DC761F /* alt2.hyph */,
				62BFCBFF130B1F3500DC761F /* alt2.pat */,
				62BFCC00130B1F3500DC761F /* alt2.test */,
				62BFCC01130B1F3500DC761F /* alt2.word */,
				62BFCC02130B1F3500DC761F /* alt3.hyph */,
				62BFCC03130B1F3500DC761F /* alt3.pat */,
				62BFCC04130B1F3500DC761F /* alt3.test */,
				62BFCC05130B1F3500DC761F /* alt3.word */,
				62BFCC06130B1F3500DC761F /* alt4.hyph */,
				62BFCC07130B1F3500DC761F /* alt4.pat */,
				62BFCC08130B1F3500DC761F /* alt4.test */,
				62BFCC09130B1F3500DC761F /* alt4.word */,
				62BFCC0A130B1F3500DC761F /* alt5.hyph */,
				62BFCC0B130B1F3500DC761F /* alt5.pat */,
				62BFCC0C130B1F3500DC761F /* alt5.test */,
				62BFCC0D130B1F3500DC761F /* alt5.word */,
				62BFCC0E130B1F3500DC761F /* alt6.hyph */,
				62BFCC0F130B1F3500DC761F /* alt6.pat */,
				62BFCC10130B1F3500DC761F /* alt6.test */,
				62BFCC11130B1F3500DC761F /* alt6.word */,
				62BFCC12130B1F3500DC761F /* base.hyph */,
				62BFCC13130B1F3500DC761F /* base.pat */,
				62BFCC14130B1F3500DC761F /* base.test */,
				62BFCC15130B1F3500DC761F /* base.word */,
				62BFCC16130B1F3500DC761F /* basealt.hyph */,
				62BFCC17130B1F3500DC761F /* basealt.pat */,
				62BFCC18130B1F3500DC761F /* basealt.test */,
				62BFCC19130B1F3500DC761F /* basealt.word */,
				62BFCC1A130B1F3500DC761F /* basealt2.hyph */,
				62BFCC1B130B1F3500DC761F /* basealt2.pat */,
				62BFCC1C130B1F3500DC761F /* basealt2.test */,
				62BFCC1D130B1F3500DC761F /* basealt2.word */,
				62BFCC1E130B1F3500DC761F /* compound.hyph */,
				62BFCC1F130B1F3500DC761F /* compound.pat */,
				62BFCC20130B1F3500DC761F /* compound.test */,
				62BFCC21130B1F3500DC761F /* compound.word */,
				62BFCC22130B1F3500DC761F /* compound2.hyph */,
				62BFCC23130B1F3500DC761F /* compound2.pat */,
				62BFCC24130B1F3500DC761F /* compound2.test */,
				62BFCC25130B1F3500DC761F /* compound2.word */,
				62BFCC26130B1F3500DC761F /* compound3.hyph */,
				62BFCC27130B1F3500DC761F /* compound3.pat */,
				62BFCC28130B1F3500DC761F /* compound3.test */,
				62BFCC29130B1F3500DC761F /* compound3.word */,
				62BFCC2A130B1F3500DC761F /* compound4.hyph */,
				62BFCC2B130B1F3500DC761F /* compound4.pat */,
				62BFCC2C130B1F3500DC761F /* compound4.test */,
				62BFCC2D130B1F3500DC761F /* compound4.word */,
				62BFCC2E130B1F3500DC761F /* conv.dic */,
				62BFCC2F130B1F3500DC761F /* conv.hyph */,
				62BFCC30130B1F3500DC761F /* conv.pat */,
				62BFCC31130B1F3500DC761F /* conv.test */,
				62BFCC32130B1F3500DC761F /* conv.word */,
				62BFCC33130B1F3500DC761F /* hyphen.hyph */,
				62BFCC34130B1F3500DC761F /* hyphen.pat */,
				62BFCC35130B1F3500DC761F /* hyphen.test */,
				62BFCC36130B1F3500DC761F /* hyphen.word */,
				62BFCC37130B1F3500DC761F /* lhmin.hyph */,
				62BFCC38130B1F3500DC761F /* lhmin.pat */,
				62BFCC39130B1F3500DC761F /* lhmin.test */,
				62BFCC3A130B1F3500DC761F /* lhmin.word */,
				62BFCC3B130B1F3500DC761F /* lig.hyph */,
				62BFCC3C130B1F3500DC761F /* lig.pat */,
				62BFCC3D130B1F3500DC761F /* lig.test */,
				62BFCC3E130B1F3500DC761F /* lig.word */,
				62BFCC3F130B1F3500DC761F /* Makefile.am */,
				62BFCC40130B1F3500DC761F /* Makefile.in */,
				62BFCC41130B1F3500DC761F /* rhmin.hyph */,
				62BFCC42130B1F3500DC761F /* rhmin.pat */,
				62BFCC43130B1F3500DC761F /* rhmin.test */,
				62BFCC44130B1F3500DC761F /* rhmin.word */,
				62BFCC45130B1F3500DC761F /* settings.hyph */,
				62BFCC46130B1F3500DC761F /* settings.pat */,
				62BFCC47130B1F3500DC761F /* settings.test */,
				62BFCC48130B1F3500DC761F /* settings.word */,
				62BFCC49130B1F3500DC761F /* settings2.hyph */,
				62BFCC4A130B1F3500DC761F /* settings2.pat */,
				62BFCC4B130B1F3500DC761F /* settings2.test */,
				62BFCC4C130B1F3500DC761F /* settings2.word */,
				62BFCC4D130B1F3500DC761F /* settings3.hyph */,
				62BFCC4E130B1F3500DC761F /* settings3.pat */,
				62BFCC4F130B1F3500DC761F /* settings3.test */,
				62BFCC50130B1F3500DC761F /* settings3.word */,
				62BFCC51130B1F3500DC761F /* settings4.hyph */,
				62BFCC52130B1F3500DC761F /* settings4.pat */,
				62BFCC53130B1F3500DC761F /* settings4.test */,
				62BFCC54130B1F3500DC761F /* settings4.word */,
				62BFCC55130B1F3500DC761F /* test.sh */,
				62BFCC56130B1F3500DC761F /* unicode.hyph */,
				62BFCC57130B1F3500DC761F /* unicode.pat */,
				62BFCC58130B1F3500DC761F /* unicode.test */,
				62BFCC59130B1F3500DC761F /* unicode.word */,
			);
			path = tests;
			sourceTree = "<group>";
		};
		62BFCC5C130B1F3500DC761F /* hyphenate */ = {
			isa = PBXGroup;
			children = (
				62BFCC5D130B1F3500DC761F /* extras */,
				62BFCF03130C30AB00DC761F /* Hyphenate.bundle */,
				62BFCC61130B1F3500DC761F /* LICENSE */,
				62BFCC62130B1F3500DC761F /* NSString+Hyphenate.h */,
				62BFCC63130B1F3500DC761F /* NSString+Hyphenate.m */,
				62BFCC64130B1F3500DC761F /* README.txt */,
			);
			path = hyphenate;
			sourceTree = "<group>";
		};
		62BFCC5D130B1F3500DC761F /* extras */ = {
			isa = PBXGroup;
			children = (
				62BFCC5E130B1F3500DC761F /* README.txt */,
				62BFCC5F130B1F3500DC761F /* TouchXML-setStringValue.patch */,
			);
			path = extras;
			sourceTree = "<group>";
		};
/* End PBXGroup section */

/* Begin PBXNativeTarget section */
		1D6058900D05DD3D006BFB54 /* coreTextEx */ = {
			isa = PBXNativeTarget;
			buildConfigurationList = 1D6058960D05DD3E006BFB54 /* Build configuration list for PBXNativeTarget "coreTextEx" */;
			buildPhases = (
				1D60588D0D05DD3D006BFB54 /* Resources */,
				1D60588E0D05DD3D006BFB54 /* Sources */,
				1D60588F0D05DD3D006BFB54 /* Frameworks */,
			);
			buildRules = (
			);
			dependencies = (
			);
			name = coreTextEx;
			productName = coreTextEx;
			productReference = 1D6058910D05DD3D006BFB54 /* coreTextEx.app */;
			productType = "com.apple.product-type.application";
		};
/* End PBXNativeTarget section */

/* Begin PBXProject section */
		29B97313FDCFA39411CA2CEA /* Project object */ = {
			isa = PBXProject;
			buildConfigurationList = C01FCF4E08A954540054247B /* Build configuration list for PBXProject "coreTextEx" */;
			compatibilityVersion = "Xcode 3.1";
			developmentRegion = English;
			hasScannedForEncodings = 1;
			knownRegions = (
				English,
				Japanese,
				French,
				German,
			);
			mainGroup = 29B97314FDCFA39411CA2CEA /* CustomTemplate */;
			projectDirPath = "";
			projectRoot = "";
			targets = (
				1D6058900D05DD3D006BFB54 /* coreTextEx */,
			);
		};
/* End PBXProject section */

/* Begin PBXResourcesBuildPhase section */
		1D60588D0D05DD3D006BFB54 /* Resources */ = {
			isa = PBXResourcesBuildPhase;
			buildActionMask = 2147483647;
			files = (
				28AD733F0D9D9553002E5188 /* MainWindow.xib in Resources */,
				2899E5220DE3E06400AC0155 /* coreTextExViewController.xib in Resources */,
				CB2F77A61305F7BD003D2AC0 /* sampleText.txt in Resources */,
				446DA8671306D3F90012B8CA /* FontViewController.xib in Resources */,
				62BFCF04130C30AB00DC761F /* Hyphenate.bundle in Resources */,
			);
			runOnlyForDeploymentPostprocessing = 0;
		};
/* End PBXResourcesBuildPhase section */

/* Begin PBXSourcesBuildPhase section */
		1D60588E0D05DD3D006BFB54 /* Sources */ = {
			isa = PBXSourcesBuildPhase;
			buildActionMask = 2147483647;
			files = (
				62BFCC75130B1F9900DC761F /* hyphen.c in Sources */,
				62BFCC76130B1FA200DC761F /* hnjalloc.c in Sources */,
				62BFCC67130B1F8700DC761F /* NSString+Hyphenate.m in Sources */,
				1D60589B0D05DD56006BFB54 /* main.m in Sources */,
				1D3623260D0F684500981E51 /* coreTextExAppDelegate.m in Sources */,
				28D7ACF80DDB3853001CB0EB /* coreTextExViewController.m in Sources */,
				CB2F77A01305F72C003D2AC0 /* ColumnsView.m in Sources */,
				CB2F783F13060344003D2AC0 /* OHAttributedLabel.m in Sources */,
				446DA86B1306D4480012B8CA /* FontViewController.m in Sources */,
			);
			runOnlyForDeploymentPostprocessing = 0;
		};
/* End PBXSourcesBuildPhase section */

/* Begin XCBuildConfiguration section */
		1D6058940D05DD3E006BFB54 /* Debug */ = {
			isa = XCBuildConfiguration;
			buildSettings = {
				ALWAYS_SEARCH_USER_PATHS = NO;
				COPY_PHASE_STRIP = NO;
				GCC_DYNAMIC_NO_PIC = NO;
				GCC_OPTIMIZATION_LEVEL = 0;
				GCC_PRECOMPILE_PREFIX_HEADER = YES;
				GCC_PREFIX_HEADER = coreTextEx_Prefix.pch;
				INFOPLIST_FILE = "coreTextEx-Info.plist";
				PRODUCT_NAME = coreTextEx;
			};
			name = Debug;
		};
		1D6058950D05DD3E006BFB54 /* Release */ = {
			isa = XCBuildConfiguration;
			buildSettings = {
				ALWAYS_SEARCH_USER_PATHS = NO;
				COPY_PHASE_STRIP = YES;
				GCC_PRECOMPILE_PREFIX_HEADER = YES;
				GCC_PREFIX_HEADER = coreTextEx_Prefix.pch;
				INFOPLIST_FILE = "coreTextEx-Info.plist";
				PRODUCT_NAME = coreTextEx;
				VALIDATE_PRODUCT = YES;
			};
			name = Release;
		};
		C01FCF4F08A954540054247B /* Debug */ = {
			isa = XCBuildConfiguration;
			buildSettings = {
				ARCHS = "$(ARCHS_UNIVERSAL_IPHONE_OS)";
				"CODE_SIGN_IDENTITY[sdk=iphoneos*]" = "iPhone Developer";
				GCC_C_LANGUAGE_STANDARD = c99;
				GCC_WARN_ABOUT_RETURN_TYPE = YES;
				GCC_WARN_UNUSED_VARIABLE = YES;
				PREBINDING = NO;
				SDKROOT = iphoneos;
				TARGETED_DEVICE_FAMILY = 2;
			};
			name = Debug;
		};
		C01FCF5008A954540054247B /* Release */ = {
			isa = XCBuildConfiguration;
			buildSettings = {
				ARCHS = "$(ARCHS_UNIVERSAL_IPHONE_OS)";
				"CODE_SIGN_IDENTITY[sdk=iphoneos*]" = "iPhone Developer";
				GCC_C_LANGUAGE_STANDARD = c99;
				GCC_WARN_ABOUT_RETURN_TYPE = YES;
				GCC_WARN_UNUSED_VARIABLE = YES;
				OTHER_CFLAGS = "-DNS_BLOCK_ASSERTIONS=1";
				PREBINDING = NO;
				SDKROOT = iphoneos;
				TARGETED_DEVICE_FAMILY = 2;
			};
			name = Release;
		};
/* End XCBuildConfiguration section */

/* Begin XCConfigurationList section */
		1D6058960D05DD3E006BFB54 /* Build configuration list for PBXNativeTarget "coreTextEx" */ = {
			isa = XCConfigurationList;
			buildConfigurations = (
				1D6058940D05DD3E006BFB54 /* Debug */,
				1D6058950D05DD3E006BFB54 /* Release */,
			);
			defaultConfigurationIsVisible = 0;
			defaultConfigurationName = Release;
		};
		C01FCF4E08A954540054247B /* Build configuration list for PBXProject "coreTextEx" */ = {
			isa = XCConfigurationList;
			buildConfigurations = (
				C01FCF4F08A954540054247B /* Debug */,
				C01FCF5008A954540054247B /* Release */,
			);
			defaultConfigurationIsVisible = 0;
			defaultConfigurationName = Release;
		};
/* End XCConfigurationList section */
	};
	rootObject = 29B97313FDCFA39411CA2CEA /* Project object */;
}
